
Microsoft Visual Studio Solution File, Format Version 12.00
# Visual Studio 15
VisualStudioVersion = 15.0.26730.3
MinimumVisualStudioVersion = 10.0.40219.1
Project("{FAE04EC0-301F-11D3-BF4B-00C04F79EFBC}") = "Bangazon", "BangazonWeb\Bangazon.csproj", "{BBA7FEB4-6461-4AD3-B138-79830808086B}"
EndProject
Global
	GlobalSection(SolutionConfigurationPlatforms) = preSolution
		Debug|Any CPU = Debug|Any CPU
		Release|Any CPU = Release|Any CPU
	EndGlobalSection
	GlobalSection(ProjectConfigurationPlatforms) = postSolution
		{BBA7FEB4-6461-4AD3-B138-79830808086B}.Debug|Any CPU.ActiveCfg = Debug|Any CPU
		{BBA7FEB4-6461-4AD3-B138-79830808086B}.Debug|Any CPU.Build.0 = Debug|Any CPU
		{BBA7FEB4-6461-4AD3-B138-79830808086B}.Release|Any CPU.ActiveCfg = Release|Any CPU
		{BBA7FEB4-6461-4AD3-B138-79830808086B}.Release|Any CPU.Build.0 = Release|Any CPU
	EndGlobalSection
	GlobalSection(SolutionProperties) = preSolution
		HideSolutionNode = FALSE
	EndGlobalSection
	GlobalSection(ExtensibilityGlobals) = postSolution
		SolutionGuid = {DA3CAA60-B500-43A5-8364-8AAD49E630BD}
	EndGlobalSection
EndGlobal
